
Microsoft Visual Studio Solution File, Format Version 12.00
# Visual Studio Version 17
VisualStudioVersion = 17.11.35303.130
MinimumVisualStudioVersion = 10.0.40219.1
Project("{FAE04EC0-301F-11D3-BF4B-00C04F79EFBC}") = "web_monitor_tnut", "web_monitor_tnut\web_monitor_tnut.csproj", "{68E0CFC0-4202-44DD-B9C4-9D68399C90D6}"
EndProject
Project("{FAE04EC0-301F-11D3-BF4B-00C04F79EFBC}") = "lib_db", "lib_db\lib_db.csproj", "{71F533E5-75E2-44BA-B22A-2544EDFAB3A0}"
EndProject
Project("{FAE04EC0-301F-11D3-BF4B-00C04F79EFBC}") = "lib_salt", "lib_salt\lib_salt.csproj", "{DD519E5C-3CF8-49AD-A294-9B01D9A8C896}"
EndProject
Project("{FAE04EC0-301F-11D3-BF4B-00C04F79EFBC}") = "test_hash", "test_hash\test_hash.csproj", "{795614D3-2C64-4224-A10C-3B0CD0DB92C4}"
EndProject
Project("{FAE04EC0-301F-11D3-BF4B-00C04F79EFBC}") = "lib_captcha", "lib_captchar\lib_captcha.csproj", "{5DE7DE55-8818-44B3-87D3-0F5D35E16CB4}"
EndProject
Project("{FAE04EC0-301F-11D3-BF4B-00C04F79EFBC}") = "test_captcha", "test_captchar\test_captcha.csproj", "{33616952-4B27-400A-9382-2D023C4F37EF}"
EndProject
Project("{FAE04EC0-301F-11D3-BF4B-00C04F79EFBC}") = "lib_user", "lib_user\lib_user.csproj", "{14BFD213-F4BB-46BA-96AD-5C8C7422076E}"
EndProject
Project("{FAE04EC0-301F-11D3-BF4B-00C04F79EFBC}") = "lib_manager_phong", "lib_manager_phong\lib_manager_phong.csproj", "{F8AB6C3D-23EF-4A61-A5FA-9CD6E019E5A3}"
EndProject
Global
	GlobalSection(SolutionConfigurationPlatforms) = preSolution
		Debug|Any CPU = Debug|Any CPU
		Release|Any CPU = Release|Any CPU
	EndGlobalSection
	GlobalSection(ProjectConfigurationPlatforms) = postSolution
		{68E0CFC0-4202-44DD-B9C4-9D68399C90D6}.Debug|Any CPU.ActiveCfg = Debug|Any CPU
		{68E0CFC0-4202-44DD-B9C4-9D68399C90D6}.Debug|Any CPU.Build.0 = Debug|Any CPU
		{68E0CFC0-4202-44DD-B9C4-9D68399C90D6}.Release|Any CPU.ActiveCfg = Release|Any CPU
		{68E0CFC0-4202-44DD-B9C4-9D68399C90D6}.Release|Any CPU.Build.0 = Release|Any CPU
		{71F533E5-75E2-44BA-B22A-2544EDFAB3A0}.Debug|Any CPU.ActiveCfg = Debug|Any CPU
		{71F533E5-75E2-44BA-B22A-2544EDFAB3A0}.Debug|Any CPU.Build.0 = Debug|Any CPU
		{71F533E5-75E2-44BA-B22A-2544EDFAB3A0}.Release|Any CPU.ActiveCfg = Release|Any CPU
		{71F533E5-75E2-44BA-B22A-2544EDFAB3A0}.Release|Any CPU.Build.0 = Release|Any CPU
		{DD519E5C-3CF8-49AD-A294-9B01D9A8C896}.Debug|Any CPU.ActiveCfg = Debug|Any CPU
		{DD519E5C-3CF8-49AD-A294-9B01D9A8C896}.Debug|Any CPU.Build.0 = Debug|Any CPU
		{DD519E5C-3CF8-49AD-A294-9B01D9A8C896}.Release|Any CPU.ActiveCfg = Release|Any CPU
		{DD519E5C-3CF8-49AD-A294-9B01D9A8C896}.Release|Any CPU.Build.0 = Release|Any CPU
		{795614D3-2C64-4224-A10C-3B0CD0DB92C4}.Debug|Any CPU.ActiveCfg = Debug|Any CPU
		{795614D3-2C64-4224-A10C-3B0CD0DB92C4}.Debug|Any CPU.Build.0 = Debug|Any CPU
		{795614D3-2C64-4224-A10C-3B0CD0DB92C4}.Release|Any CPU.ActiveCfg = Release|Any CPU
		{795614D3-2C64-4224-A10C-3B0CD0DB92C4}.Release|Any CPU.Build.0 = Release|Any CPU
		{5DE7DE55-8818-44B3-87D3-0F5D35E16CB4}.Debug|Any CPU.ActiveCfg = Debug|Any CPU
		{5DE7DE55-8818-44B3-87D3-0F5D35E16CB4}.Debug|Any CPU.Build.0 = Debug|Any CPU
		{5DE7DE55-8818-44B3-87D3-0F5D35E16CB4}.Release|Any CPU.ActiveCfg = Release|Any CPU
		{5DE7DE55-8818-44B3-87D3-0F5D35E16CB4}.Release|Any CPU.Build.0 = Release|Any CPU
		{33616952-4B27-400A-9382-2D023C4F37EF}.Debug|Any CPU.ActiveCfg = Debug|Any CPU
		{33616952-4B27-400A-9382-2D023C4F37EF}.Debug|Any CPU.Build.0 = Debug|Any CPU
		{33616952-4B27-400A-9382-2D023C4F37EF}.Release|Any CPU.ActiveCfg = Release|Any CPU
		{33616952-4B27-400A-9382-2D023C4F37EF}.Release|Any CPU.Build.0 = Release|Any CPU
		{14BFD213-F4BB-46BA-96AD-5C8C7422076E}.Debug|Any CPU.ActiveCfg = Debug|Any CPU
		{14BFD213-F4BB-46BA-96AD-5C8C7422076E}.Debug|Any CPU.Build.0 = Debug|Any CPU
		{14BFD213-F4BB-46BA-96AD-5C8C7422076E}.Release|Any CPU.ActiveCfg = Release|Any CPU
		{14BFD213-F4BB-46BA-96AD-5C8C7422076E}.Release|Any CPU.Build.0 = Release|Any CPU
		{F8AB6C3D-23EF-4A61-A5FA-9CD6E019E5A3}.Debug|Any CPU.ActiveCfg = Debug|Any CPU
		{F8AB6C3D-23EF-4A61-A5FA-9CD6E019E5A3}.Debug|Any CPU.Build.0 = Debug|Any CPU
		{F8AB6C3D-23EF-4A61-A5FA-9CD6E019E5A3}.Release|Any CPU.ActiveCfg = Release|Any CPU
		{F8AB6C3D-23EF-4A61-A5FA-9CD6E019E5A3}.Release|Any CPU.Build.0 = Release|Any CPU
	EndGlobalSection
	GlobalSection(SolutionProperties) = preSolution
		HideSolutionNode = FALSE
	EndGlobalSection
	GlobalSection(ExtensibilityGlobals) = postSolution
		SolutionGuid = {EFB74D06-7334-4306-B7C3-C41F23DC9C71}
	EndGlobalSection
EndGlobal
